
Microsoft Visual Studio Solution File, Format Version 12.00
# Visual Studio Version 17
VisualStudioVersion = 17.9.34728.123
MinimumVisualStudioVersion = 10.0.40219.1
Project("{FAE04EC0-301F-11D3-BF4B-00C04F79EFBC}") = "BILTIFUL", "BILTIFUL\BILTIFUL.csproj", "{6CEC6CCE-06B9-42A7-AFC9-F46B5B6C9D2D}"
EndProject
Global
	GlobalSection(SolutionConfigurationPlatforms) = preSolution
		Debug|Any CPU = Debug|Any CPU
		Release|Any CPU = Release|Any CPU
	EndGlobalSection
	GlobalSection(ProjectConfigurationPlatforms) = postSolution
		{6CEC6CCE-06B9-42A7-AFC9-F46B5B6C9D2D}.Debug|Any CPU.ActiveCfg = Debug|Any CPU
		{6CEC6CCE-06B9-42A7-AFC9-F46B5B6C9D2D}.Debug|Any CPU.Build.0 = Debug|Any CPU
		{6CEC6CCE-06B9-42A7-AFC9-F46B5B6C9D2D}.Release|Any CPU.ActiveCfg = Release|Any CPU
		{6CEC6CCE-06B9-42A7-AFC9-F46B5B6C9D2D}.Release|Any CPU.Build.0 = Release|Any CPU
	EndGlobalSection
	GlobalSection(SolutionProperties) = preSolution
		HideSolutionNode = FALSE
	EndGlobalSection
	GlobalSection(ExtensibilityGlobals) = postSolution
		SolutionGuid = {147D539E-6A68-4278-BA30-88A191660E82}
	EndGlobalSection
EndGlobal
